// !$*UTF8*$!
{
	archiveVersion = 1;
	classes = {
	};
	objectVersion = 46;
	objects = {

/* Begin PBXBuildFile section */
		C434809A1BFB1047005CB967 /* main.m in Sources */ = {isa = PBXBuildFile; fileRef = C43480991BFB1047005CB967 /* main.m */; };
		C434809D1BFB1047005CB967 /* AppDelegate.m in Sources */ = {isa = PBXBuildFile; fileRef = C434809C1BFB1047005CB967 /* AppDelegate.m */; };
		C434809F1BFB1047005CB967 /* Assets.xcassets in Resources */ = {isa = PBXBuildFile; fileRef = C434809E1BFB1047005CB967 /* Assets.xcassets */; };
		C43480A21BFB1047005CB967 /* LaunchScreen.storyboard in Resources */ = {isa = PBXBuildFile; fileRef = C43480A01BFB1047005CB967 /* LaunchScreen.storyboard */; };
		C43480AB1BFB1051005CB967 /* RootViewController.m in Sources */ = {isa = PBXBuildFile; fileRef = C43480AA1BFB1051005CB967 /* RootViewController.m */; };
		C43480B21BFB1102005CB967 /* 0@2x.png in Resources */ = {isa = PBXBuildFile; fileRef = C43480AD1BFB1102005CB967 /* 0@2x.png */; };
		C43480B31BFB1102005CB967 /* 1@2x.png in Resources */ = {isa = PBXBuildFile; fileRef = C43480AE1BFB1102005CB967 /* 1@2x.png */; };
		C43480B41BFB1102005CB967 /* 2@2x.png in Resources */ = {isa = PBXBuildFile; fileRef = C43480AF1BFB1102005CB967 /* 2@2x.png */; };
		C43480B51BFB1102005CB967 /* 3@2x.png in Resources */ = {isa = PBXBuildFile; fileRef = C43480B01BFB1102005CB967 /* 3@2x.png */; };
		C43480B61BFB1102005CB967 /* books.plist in Resources */ = {isa = PBXBuildFile; fileRef = C43480B11BFB1102005CB967 /* books.plist */; };
		C43480B91BFB1490005CB967 /* BookModel.m in Sources */ = {isa = PBXBuildFile; fileRef = C43480B81BFB1490005CB967 /* BookModel.m */; };
		C43480BC1BFB18F6005CB967 /* BookCell.m in Sources */ = {isa = PBXBuildFile; fileRef = C43480BB1BFB18F6005CB967 /* BookCell.m */; };
/* End PBXBuildFile section */

/* Begin PBXFileReference section */
		C43480951BFB1047005CB967 /* D5-TableViewCellCustom.app */ = {isa = PBXFileReference; explicitFileType = wrapper.application; includeInIndex = 0; path = "D5-TableViewCellCustom.app"; sourceTree = BUILT_PRODUCTS_DIR; };
		C43480991BFB1047005CB967 /* main.m */ = {isa = PBXFileReference; lastKnownFileType = sourcecode.c.objc; path = main.m; sourceTree = "<group>"; };
		C434809B1BFB1047005CB967 /* AppDelegate.h */ = {isa = PBXFileReference; lastKnownFileType = sourcecode.c.h; path = AppDelegate.h; sourceTree = "<group>"; };
		C434809C1BFB1047005CB967 /* AppDelegate.m */ = {isa = PBXFileReference; lastKnownFileType = sourcecode.c.objc; path = AppDelegate.m; sourceTree = "<group>"; };
		C434809E1BFB1047005CB967 /* Assets.xcassets */ = {isa = PBXFileReference; lastKnownFileType = folder.assetcatalog; path = Assets.xcassets; sourceTree = "<group>"; };
		C43480A11BFB1047005CB967 /* Base */ = {isa = PBXFileReference; lastKnownFileType = file.storyboard; name = Base; path = Base.lproj/LaunchScreen.storyboard; sourceTree = "<group>"; };
		C43480A31BFB1047005CB967 /* Info.plist */ = {isa = PBXFileReference; lastKnownFileType = text.plist.xml; path = Info.plist; sourceTree = "<group>"; };
		C43480A91BFB1051005CB967 /* RootViewController.h */ = {isa = PBXFileReference; fileEncoding = 4; lastKnownFileType = sourcecode.c.h; path = RootViewController.h; sourceTree = "<group>"; };
		C43480AA1BFB1051005CB967 /* RootViewController.m */ = {isa = PBXFileReference; fileEncoding = 4; lastKnownFileType = sourcecode.c.objc; path = RootViewController.m; sourceTree = "<group>"; };
		C43480AD1BFB1102005CB967 /* 0@2x.png */ = {isa = PBXFileReference; lastKnownFileType = image.png; path = "0@2x.png"; sourceTree = "<group>"; };
		C43480AE1BFB1102005CB967 /* 1@2x.png */ = {isa = PBXFileReference; lastKnownFileType = image.png; path = "1@2x.png"; sourceTree = "<group>"; };
		C43480AF1BFB1102005CB967 /* 2@2x.png */ = {isa = PBXFileReference; lastKnownFileType = image.png; path = "2@2x.png"; sourceTree = "<group>"; };
		C43480B01BFB1102005CB967 /* 3@2x.png */ = {isa = PBXFileReference; lastKnownFileType = image.png; path = "3@2x.png"; sourceTree = "<group>"; };
		C43480B11BFB1102005CB967 /* books.plist */ = {isa = PBXFileReference; fileEncoding = 4; lastKnownFileType = text.plist.xml; path = books.plist; sourceTree = "<group>"; };
		C43480B71BFB1490005CB967 /* BookModel.h */ = {isa = PBXFileReference; fileEncoding = 4; lastKnownFileType = sourcecode.c.h; path = BookModel.h; sourceTree = "<group>"; };
		C43480B81BFB1490005CB967 /* BookModel.m */ = {isa = PBXFileReference; fileEncoding = 4; lastKnownFileType = sourcecode.c.objc; path = BookModel.m; sourceTree = "<group>"; };
		C43480BA1BFB18F6005CB967 /* BookCell.h */ = {isa = PBXFileReference; fileEncoding = 4; lastKnownFileType = sourcecode.c.h; path = BookCell.h; sourceTree = "<group>"; };
		C43480BB1BFB18F6005CB967 /* BookCell.m */ = {isa = PBXFileReference; fileEncoding = 4; lastKnownFileType = sourcecode.c.objc; path = BookCell.m; sourceTree = "<group>"; };
/* End PBXFileReference section */

/* Begin PBXFrameworksBuildPhase section */
		C43480921BFB1047005CB967 /* Frameworks */ = {
			isa = PBXFrameworksBuildPhase;
			buildActionMask = 2147483647;
			files = (
			);
			runOnlyForDeploymentPostprocessing = 0;
		};
/* End PBXFrameworksBuildPhase section */

/* Begin PBXGroup section */
		C434808C1BFB1047005CB967 = {
			isa = PBXGroup;
			children = (
				C43480971BFB1047005CB967 /* D5-TableViewCellCustom */,
				C43480961BFB1047005CB967 /* Products */,
			);
			sourceTree = "<group>";
		};
		C43480961BFB1047005CB967 /* Products */ = {
			isa = PBXGroup;
			children = (
				C43480951BFB1047005CB967 /* D5-TableViewCellCustom.app */,
			);
			name = Products;
			sourceTree = "<group>";
		};
		C43480971BFB1047005CB967 /* D5-TableViewCellCustom */ = {
			isa = PBXGroup;
			children = (
				C43480AC1BFB1102005CB967 /* BookImages */,
				C43480B71BFB1490005CB967 /* BookModel.h */,
				C43480B81BFB1490005CB967 /* BookModel.m */,
				C43480BA1BFB18F6005CB967 /* BookCell.h */,
				C43480BB1BFB18F6005CB967 /* BookCell.m */,
				C43480A91BFB1051005CB967 /* RootViewController.h */,
				C43480AA1BFB1051005CB967 /* RootViewController.m */,
				C434809B1BFB1047005CB967 /* AppDelegate.h */,
				C434809C1BFB1047005CB967 /* AppDelegate.m */,
				C434809E1BFB1047005CB967 /* Assets.xcassets */,
				C43480A01BFB1047005CB967 /* LaunchScreen.storyboard */,
				C43480A31BFB1047005CB967 /* Info.plist */,
				C43480981BFB1047005CB967 /* Supporting Files */,
			);
			path = "D5-TableViewCellCustom";
			sourceTree = "<group>";
		};
		C43480981BFB1047005CB967 /* Supporting Files */ = {
			isa = PBXGroup;
			children = (
				C43480991BFB1047005CB967 /* main.m */,
			);
			name = "Supporting Files";
			sourceTree = "<group>";
		};
		C43480AC1BFB1102005CB967 /* BookImages */ = {
			isa = PBXGroup;
			children = (
				C43480AD1BFB1102005CB967 /* 0@2x.png */,
				C43480AE1BFB1102005CB967 /* 1@2x.png */,
				C43480AF1BFB1102005CB967 /* 2@2x.png */,
				C43480B01BFB1102005CB967 /* 3@2x.png */,
				C43480B11BFB1102005CB967 /* books.plist */,
			);
			path = BookImages;
			sourceTree = "<group>";
		};
/* End PBXGroup section */

/* Begin PBXNativeTarget section */
		C43480941BFB1047005CB967 /* D5-TableViewCellCustom */ = {
			isa = PBXNativeTarget;
			buildConfigurationList = C43480A61BFB1047005CB967 /* Build configuration list for PBXNativeTarget "D5-TableViewCellCustom" */;
			buildPhases = (
				C43480911BFB1047005CB967 /* Sources */,
				C43480921BFB1047005CB967 /* Frameworks */,
				C43480931BFB1047005CB967 /* Resources */,
			);
			buildRules = (
			);
			dependencies = (
			);
			name = "D5-TableViewCellCustom";
			productName = "D5-TableViewCellCustom";
			productReference = C43480951BFB1047005CB967 /* D5-TableViewCellCustom.app */;
			productType = "com.apple.product-type.application";
		};
/* End PBXNativeTarget section */

/* Begin PBXProject section */
		C434808D1BFB1047005CB967 /* Project object */ = {
			isa = PBXProject;
			attributes = {
				LastUpgradeCheck = 0710;
				ORGANIZATIONNAME = Jerry;
				TargetAttributes = {
					C43480941BFB1047005CB967 = {
						CreatedOnToolsVersion = 7.1;
						DevelopmentTeam = 8Q789EGWJ2;
					};
				};
			};
			buildConfigurationList = C43480901BFB1047005CB967 /* Build configuration list for PBXProject "D5-TableViewCellCustom" */;
			compatibilityVersion = "Xcode 3.2";
			developmentRegion = English;
			hasScannedForEncodings = 0;
			knownRegions = (
				en,
				Base,
			);
			mainGroup = C434808C1BFB1047005CB967;
			productRefGroup = C43480961BFB1047005CB967 /* Products */;
			projectDirPath = "";
			projectRoot = "";
			targets = (
				C43480941BFB1047005CB967 /* D5-TableViewCellCustom */,
			);
		};
/* End PBXProject section */

/* Begin PBXResourcesBuildPhase section */
		C43480931BFB1047005CB967 /* Resources */ = {
			isa = PBXResourcesBuildPhase;
			buildActionMask = 2147483647;
			files = (
				C43480B51BFB1102005CB967 /* 3@2x.png in Resources */,
				C43480B61BFB1102005CB967 /* books.plist in Resources */,
				C43480B21BFB1102005CB967 /* 0@2x.png in Resources */,
				C434809F1BFB1047005CB967 /* Assets.xcassets in Resources */,
				C43480B41BFB1102005CB967 /* 2@2x.png in Resources */,
				C43480B31BFB1102005CB967 /* 1@2x.png in Resources */,
				C43480A21BFB1047005CB967 /* LaunchScreen.storyboard in Resources */,
			);
			runOnlyForDeploymentPostprocessing = 0;
		};
/* End PBXResourcesBuildPhase section */

/* Begin PBXSourcesBuildPhase section */
		C43480911BFB1047005CB967 /* Sources */ = {
			isa = PBXSourcesBuildPhase;
			buildActionMask = 2147483647;
			files = (
				C434809D1BFB1047005CB967 /* AppDelegate.m in Sources */,
				C434809A1BFB1047005CB967 /* main.m in Sources */,
				C43480B91BFB1490005CB967 /* BookModel.m in Sources */,
				C43480BC1BFB18F6005CB967 /* BookCell.m in Sources */,
				C43480AB1BFB1051005CB967 /* RootViewController.m in Sources */,
			);
			runOnlyForDeploymentPostprocessing = 0;
		};
/* End PBXSourcesBuildPhase section */

/* Begin PBXVariantGroup section */
		C43480A01BFB1047005CB967 /* LaunchScreen.storyboard */ = {
			isa = PBXVariantGroup;
			children = (
				C43480A11BFB1047005CB967 /* Base */,
			);
			name = LaunchScreen.storyboard;
			sourceTree = "<group>";
		};
/* End PBXVariantGroup section */

/* Begin XCBuildConfiguration section */
		C43480A41BFB1047005CB967 /* Debug */ = {
			isa = XCBuildConfiguration;
			buildSettings = {
				ALWAYS_SEARCH_USER_PATHS = NO;
				CLANG_CXX_LANGUAGE_STANDARD = "gnu++0x";
				CLANG_CXX_LIBRARY = "libc++";
				CLANG_ENABLE_MODULES = YES;
				CLANG_ENABLE_OBJC_ARC = YES;
				CLANG_WARN_BOOL_CONVERSION = YES;
				CLANG_WARN_CONSTANT_CONVERSION = YES;
				CLANG_WARN_DIRECT_OBJC_ISA_USAGE = YES_ERROR;
				CLANG_WARN_EMPTY_BODY = YES;
				CLANG_WARN_ENUM_CONVERSION = YES;
				CLANG_WARN_INT_CONVERSION = YES;
				CLANG_WARN_OBJC_ROOT_CLASS = YES_ERROR;
				CLANG_WARN_UNREACHABLE_CODE = YES;
				CLANG_WARN__DUPLICATE_METHOD_MATCH = YES;
				"CODE_SIGN_IDENTITY[sdk=iphoneos*]" = "iPhone Developer";
				COPY_PHASE_STRIP = NO;
				DEBUG_INFORMATION_FORMAT = dwarf;
				ENABLE_STRICT_OBJC_MSGSEND = YES;
				ENABLE_TESTABILITY = YES;
				GCC_C_LANGUAGE_STANDARD = gnu99;
				GCC_DYNAMIC_NO_PIC = NO;
				GCC_NO_COMMON_BLOCKS = YES;
				GCC_OPTIMIZATION_LEVEL = 0;
				GCC_PREPROCESSOR_DEFINITIONS = (
					"DEBUG=1",
					"$(inherited)",
				);
				GCC_WARN_64_TO_32_BIT_CONVERSION = YES;
				GCC_WARN_ABOUT_RETURN_TYPE = YES_ERROR;
				GCC_WARN_UNDECLARED_SELECTOR = YES;
				GCC_WARN_UNINITIALIZED_AUTOS = YES_AGGRESSIVE;
				GCC_WARN_UNUSED_FUNCTION = YES;
				GCC_WARN_UNUSED_VARIABLE = YES;
				IPHONEOS_DEPLOYMENT_TARGET = 9.1;
				MTL_ENABLE_DEBUG_INFO = YES;
				ONLY_ACTIVE_ARCH = YES;
				SDKROOT = iphoneos;
				TARGETED_DEVICE_FAMILY = "1,2";
			};
			name = Debug;
		};
		C43480A51BFB1047005CB967 /* Release */ = {
			isa = XCBuildConfiguration;
			buildSettings = {
				ALWAYS_SEARCH_USER_PATHS = NO;
				CLANG_CXX_LANGUAGE_STANDARD = "gnu++0x";
				CLANG_CXX_LIBRARY = "libc++";
				CLANG_ENABLE_MODULES = YES;
				CLANG_ENABLE_OBJC_ARC = YES;
				CLANG_WARN_BOOL_CONVERSION = YES;
				CLANG_WARN_CONSTANT_CONVERSION = YES;
				CLANG_WARN_DIRECT_OBJC_ISA_USAGE = YES_ERROR;
				CLANG_WARN_EMPTY_BODY = YES;
				CLANG_WARN_ENUM_CONVERSION = YES;
				CLANG_WARN_INT_CONVERSION = YES;
				CLANG_WARN_OBJC_ROOT_CLASS = YES_ERROR;
				CLANG_WARN_UNREACHABLE_CODE = YES;
				CLANG_WARN__DUPLICATE_METHOD_MATCH = YES;
				"CODE_SIGN_IDENTITY[sdk=iphoneos*]" = "iPhone Developer";
				COPY_PHASE_STRIP = NO;
				DEBUG_INFORMATION_FORMAT = "dwarf-with-dsym";
				ENABLE_NS_ASSERTIONS = NO;
				ENABLE_STRICT_OBJC_MSGSEND = YES;
				GCC_C_LANGUAGE_STANDARD = gnu99;
				GCC_NO_COMMON_BLOCKS = YES;
				GCC_WARN_64_TO_32_BIT_CONVERSION = YES;
				GCC_WARN_ABOUT_RETURN_TYPE = YES_ERROR;
				GCC_WARN_UNDECLARED_SELECTOR = YES;
				GCC_WARN_UNINITIALIZED_AUTOS = YES_AGGRESSIVE;
				GCC_WARN_UNUSED_FUNCTION = YES;
				GCC_WARN_UNUSED_VARIABLE = YES;
				IPHONEOS_DEPLOYMENT_TARGET = 9.1;
				MTL_ENABLE_DEBUG_INFO = NO;
				SDKROOT = iphoneos;
				TARGETED_DEVICE_FAMILY = "1,2";
				VALIDATE_PRODUCT = YES;
			};
			name = Release;
		};
		C43480A71BFB1047005CB967 /* Debug */ = {
			isa = XCBuildConfiguration;
			buildSettings = {
				ASSETCATALOG_COMPILER_APPICON_NAME = AppIcon;
				CLANG_ENABLE_OBJC_ARC = NO;
				INFOPLIST_FILE = "D5-TableViewCellCustom/Info.plist";
				LD_RUNPATH_SEARCH_PATHS = "$(inherited) @executable_path/Frameworks";
				PRODUCT_BUNDLE_IDENTIFIER = "www.1000phone.com.D5-TableViewCellCustom";
				PRODUCT_NAME = "$(TARGET_NAME)";
			};
			name = Debug;
		};
		C43480A81BFB1047005CB967 /* Release */ = {
			isa = XCBuildConfiguration;
			buildSettings = {
				ASSETCATALOG_COMPILER_APPICON_NAME = AppIcon;
				CLANG_ENABLE_OBJC_ARC = NO;
				INFOPLIST_FILE = "D5-TableViewCellCustom/Info.plist";
				LD_RUNPATH_SEARCH_PATHS = "$(inherited) @executable_path/Frameworks";
				PRODUCT_BUNDLE_IDENTIFIER = "www.1000phone.com.D5-TableViewCellCustom";
				PRODUCT_NAME = "$(TARGET_NAME)";
			};
			name = Release;
		};
/* End XCBuildConfiguration section */

/* Begin XCConfigurationList section */
		C43480901BFB1047005CB967 /* Build configuration list for PBXProject "D5-TableViewCellCustom" */ = {
			isa = XCConfigurationList;
			buildConfigurations = (
				C43480A41BFB1047005CB967 /* Debug */,
				C43480A51BFB1047005CB967 /* Release */,
			);
			defaultConfigurationIsVisible = 0;
			defaultConfigurationName = Release;
		};
		C43480A61BFB1047005CB967 /* Build configuration list for PBXNativeTarget "D5-TableViewCellCustom" */ = {
			isa = XCConfigurationList;
			buildConfigurations = (
				C43480A71BFB1047005CB967 /* Debug */,
				C43480A81BFB1047005CB967 /* Release */,
			);
			defaultConfigurationIsVisible = 0;
		};
/* End XCConfigurationList section */
	};
	rootObject = C434808D1BFB1047005CB967 /* Project object */;
}
